// !$*UTF8*$!
{
	archiveVersion = 1;
	classes = {
	};
	objectVersion = 46;
	objects = {

/* Begin PBXBuildFile section */
		C7648E0A1D321CBE00B815DF /* AppDelegate.swift in Sources */ = {isa = PBXBuildFile; fileRef = C7648E091D321CBE00B815DF /* AppDelegate.swift */; };
		C7648E0C1D321CBE00B815DF /* ViewController.swift in Sources */ = {isa = PBXBuildFile; fileRef = C7648E0B1D321CBE00B815DF /* ViewController.swift */; };
		C7648E0F1D321CBE00B815DF /* Main.storyboard in Resources */ = {isa = PBXBuildFile; fileRef = C7648E0D1D321CBE00B815DF /* Main.storyboard */; };
		C7648E111D321CBE00B815DF /* Assets.xcassets in Resources */ = {isa = PBXBuildFile; fileRef = C7648E101D321CBE00B815DF /* Assets.xcassets */; };
		C7648E141D321CBE00B815DF /* LaunchScreen.storyboard in Resources */ = {isa = PBXBuildFile; fileRef = C7648E121D321CBE00B815DF /* LaunchScreen.storyboard */; };
		C7648E1F1D321CBE00B815DF /* DatePickerTestTests.swift in Sources */ = {isa = PBXBuildFile; fileRef = C7648E1E1D321CBE00B815DF /* DatePickerTestTests.swift */; };
		C7648E2A1D321CBE00B815DF /* DatePickerTestUITests.swift in Sources */ = {isa = PBXBuildFile; fileRef = C7648E291D321CBE00B815DF /* DatePickerTestUITests.swift */; };
/* End PBXBuildFile section */

/* Begin PBXContainerItemProxy section */
		C7648E1B1D321CBE00B815DF /* PBXContainerItemProxy */ = {
			isa = PBXContainerItemProxy;
			containerPortal = C7648DFE1D321CBD00B815DF /* Project object */;
			proxyType = 1;
			remoteGlobalIDString = C7648E051D321CBD00B815DF;
			remoteInfo = DatePickerTest;
		};
		C7648E261D321CBE00B815DF /* PBXContainerItemProxy */ = {
			isa = PBXContainerItemProxy;
			containerPortal = C7648DFE1D321CBD00B815DF /* Project object */;
			proxyType = 1;
			remoteGlobalIDString = C7648E051D321CBD00B815DF;
			remoteInfo = DatePickerTest;
		};
/* End PBXContainerItemProxy section */

/* Begin PBXFileReference section */
		C7648E061D321CBD00B815DF /* DatePickerTest.app */ = {isa = PBXFileReference; explicitFileType = wrapper.application; includeInIndex = 0; path = DatePickerTest.app; sourceTree = BUILT_PRODUCTS_DIR; };
		C7648E091D321CBE00B815DF /* AppDelegate.swift */ = {isa = PBXFileReference; lastKnownFileType = sourcecode.swift; path = AppDelegate.swift; sourceTree = "<group>"; };
		C7648E0B1D321CBE00B815DF /* ViewController.swift */ = {isa = PBXFileReference; lastKnownFileType = sourcecode.swift; path = ViewController.swift; sourceTree = "<group>"; };
		C7648E0E1D321CBE00B815DF /* Base */ = {isa = PBXFileReference; lastKnownFileType = file.storyboard; name = Base; path = Base.lproj/Main.storyboard; sourceTree = "<group>"; };
		C7648E101D321CBE00B815DF /* Assets.xcassets */ = {isa = PBXFileReference; lastKnownFileType = folder.assetcatalog; path = Assets.xcassets; sourceTree = "<group>"; };
		C7648E131D321CBE00B815DF /* Base */ = {isa = PBXFileReference; lastKnownFileType = file.storyboard; name = Base; path = Base.lproj/LaunchScreen.storyboard; sourceTree = "<group>"; };
		C7648E151D321CBE00B815DF /* Info.plist */ = {isa = PBXFileReference; lastKnownFileType = text.plist.xml; path = Info.plist; sourceTree = "<group>"; };
		C7648E1A1D321CBE00B815DF /* DatePickerTestTests.xctest */ = {isa = PBXFileReference; explicitFileType = wrapper.cfbundle; includeInIndex = 0; path = DatePickerTestTests.xctest; sourceTree = BUILT_PRODUCTS_DIR; };
		C7648E1E1D321CBE00B815DF /* DatePickerTestTests.swift */ = {isa = PBXFileReference; lastKnownFileType = sourcecode.swift; path = DatePickerTestTests.swift; sourceTree = "<group>"; };
		C7648E201D321CBE00B815DF /* Info.plist */ = {isa = PBXFileReference; lastKnownFileType = text.plist.xml; path = Info.plist; sourceTree = "<group>"; };
		C7648E251D321CBE00B815DF /* DatePickerTestUITests.xctest */ = {isa = PBXFileReference; explicitFileType = wrapper.cfbundle; includeInIndex = 0; path = DatePickerTestUITests.xctest; sourceTree = BUILT_PRODUCTS_DIR; };
		C7648E291D321CBE00B815DF /* DatePickerTestUITests.swift */ = {isa = PBXFileReference; lastKnownFileType = sourcecode.swift; path = DatePickerTestUITests.swift; sourceTree = "<group>"; };
		C7648E2B1D321CBE00B815DF /* Info.plist */ = {isa = PBXFileReference; lastKnownFileType = text.plist.xml; path = Info.plist; sourceTree = "<group>"; };
/* End PBXFileReference section */

/* Begin PBXFrameworksBuildPhase section */
		C7648E031D321CBD00B815DF /* Frameworks */ = {
			isa = PBXFrameworksBuildPhase;
			buildActionMask = 2147483647;
			files = (
			);
			runOnlyForDeploymentPostprocessing = 0;
		};
		C7648E171D321CBE00B815DF /* Frameworks */ = {
			isa = PBXFrameworksBuildPhase;
			buildActionMask = 2147483647;
			files = (
			);
			runOnlyForDeploymentPostprocessing = 0;
		};
		C7648E221D321CBE00B815DF /* Frameworks */ = {
			isa = PBXFrameworksBuildPhase;
			buildActionMask = 2147483647;
			files = (
			);
			runOnlyForDeploymentPostprocessing = 0;
		};
/* End PBXFrameworksBuildPhase section */

/* Begin PBXGroup section */
		C7648DFD1D321CBD00B815DF = {
			isa = PBXGroup;
			children = (
				C7648E081D321CBE00B815DF /* DatePickerTest */,
				C7648E1D1D321CBE00B815DF /* DatePickerTestTests */,
				C7648E281D321CBE00B815DF /* DatePickerTestUITests */,
				C7648E071D321CBD00B815DF /* Products */,
			);
			sourceTree = "<group>";
		};
		C7648E071D321CBD00B815DF /* Products */ = {
			isa = PBXGroup;
			children = (
				C7648E061D321CBD00B815DF /* DatePickerTest.app */,
				C7648E1A1D321CBE00B815DF /* DatePickerTestTests.xctest */,
				C7648E251D321CBE00B815DF /* DatePickerTestUITests.xctest */,
			);
			name = Products;
			sourceTree = "<group>";
		};
		C7648E081D321CBE00B815DF /* DatePickerTest */ = {
			isa = PBXGroup;
			children = (
				C7648E091D321CBE00B815DF /* AppDelegate.swift */,
				C7648E0B1D321CBE00B815DF /* ViewController.swift */,
				C7648E0D1D321CBE00B815DF /* Main.storyboard */,
				C7648E101D321CBE00B815DF /* Assets.xcassets */,
				C7648E121D321CBE00B815DF /* LaunchScreen.storyboard */,
				C7648E151D321CBE00B815DF /* Info.plist */,
			);
			path = DatePickerTest;
			sourceTree = "<group>";
		};
		C7648E1D1D321CBE00B815DF /* DatePickerTestTests */ = {
			isa = PBXGroup;
			children = (
				C7648E1E1D321CBE00B815DF /* DatePickerTestTests.swift */,
				C7648E201D321CBE00B815DF /* Info.plist */,
			);
			path = DatePickerTestTests;
			sourceTree = "<group>";
		};
		C7648E281D321CBE00B815DF /* DatePickerTestUITests */ = {
			isa = PBXGroup;
			children = (
				C7648E291D321CBE00B815DF /* DatePickerTestUITests.swift */,
				C7648E2B1D321CBE00B815DF /* Info.plist */,
			);
			path = DatePickerTestUITests;
			sourceTree = "<group>";
		};
/* End PBXGroup section */

/* Begin PBXNativeTarget section */
		C7648E051D321CBD00B815DF /* DatePickerTest */ = {
			isa = PBXNativeTarget;
			buildConfigurationList = C7648E2E1D321CBE00B815DF /* Build configuration list for PBXNativeTarget "DatePickerTest" */;
			buildPhases = (
				C7648E021D321CBD00B815DF /* Sources */,
				C7648E031D321CBD00B815DF /* Frameworks */,
				C7648E041D321CBD00B815DF /* Resources */,
			);
			buildRules = (
			);
			dependencies = (
			);
			name = DatePickerTest;
			productName = DatePickerTest;
			productReference = C7648E061D321CBD00B815DF /* DatePickerTest.app */;
			productType = "com.apple.product-type.application";
		};
		C7648E191D321CBE00B815DF /* DatePickerTestTests */ = {
			isa = PBXNativeTarget;
			buildConfigurationList = C7648E311D321CBE00B815DF /* Build configuration list for PBXNativeTarget "DatePickerTestTests" */;
			buildPhases = (
				C7648E161D321CBE00B815DF /* Sources */,
				C7648E171D321CBE00B815DF /* Frameworks */,
				C7648E181D321CBE00B815DF /* Resources */,
			);
			buildRules = (
			);
			dependencies = (
				C7648E1C1D321CBE00B815DF /* PBXTargetDependency */,
			);
			name = DatePickerTestTests;
			productName = DatePickerTestTests;
			productReference = C7648E1A1D321CBE00B815DF /* DatePickerTestTests.xctest */;
			productType = "com.apple.product-type.bundle.unit-test";
		};
		C7648E241D321CBE00B815DF /* DatePickerTestUITests */ = {
			isa = PBXNativeTarget;
			buildConfigurationList = C7648E341D321CBE00B815DF /* Build configuration list for PBXNativeTarget "DatePickerTestUITests" */;
			buildPhases = (
				C7648E211D321CBE00B815DF /* Sources */,
				C7648E221D321CBE00B815DF /* Frameworks */,
				C7648E231D321CBE00B815DF /* Resources */,
			);
			buildRules = (
			);
			dependencies = (
				C7648E271D321CBE00B815DF /* PBXTargetDependency */,
			);
			name = DatePickerTestUITests;
			productName = DatePickerTestUITests;
			productReference = C7648E251D321CBE00B815DF /* DatePickerTestUITests.xctest */;
			productType = "com.apple.product-type.bundle.ui-testing";
		};
/* End PBXNativeTarget section */

/* Begin PBXProject section */
		C7648DFE1D321CBD00B815DF /* Project object */ = {
			isa = PBXProject;
			attributes = {
				LastSwiftUpdateCheck = 0730;
				LastUpgradeCheck = 0730;
				ORGANIZATIONNAME = cazcawa;
				TargetAttributes = {
					C7648E051D321CBD00B815DF = {
						CreatedOnToolsVersion = 7.3.1;
					};
					C7648E191D321CBE00B815DF = {
						CreatedOnToolsVersion = 7.3.1;
						TestTargetID = C7648E051D321CBD00B815DF;
					};
					C7648E241D321CBE00B815DF = {
						CreatedOnToolsVersion = 7.3.1;
						TestTargetID = C7648E051D321CBD00B815DF;
					};
				};
			};
			buildConfigurationList = C7648E011D321CBD00B815DF /* Build configuration list for PBXProject "DatePickerTest" */;
			compatibilityVersion = "Xcode 3.2";
			developmentRegion = English;
			hasScannedForEncodings = 0;
			knownRegions = (
				en,
				Base,
			);
			mainGroup = C7648DFD1D321CBD00B815DF;
			productRefGroup = C7648E071D321CBD00B815DF /* Products */;
			projectDirPath = "";
			projectRoot = "";
			targets = (
				C7648E051D321CBD00B815DF /* DatePickerTest */,
				C7648E191D321CBE00B815DF /* DatePickerTestTests */,
				C7648E241D321CBE00B815DF /* DatePickerTestUITests */,
			);
		};
/* End PBXProject section */

/* Begin PBXResourcesBuildPhase section */
		C7648E041D321CBD00B815DF /* Resources */ = {
			isa = PBXResourcesBuildPhase;
			buildActionMask = 2147483647;
			files = (
				C7648E141D321CBE00B815DF /* LaunchScreen.storyboard in Resources */,
				C7648E111D321CBE00B815DF /* Assets.xcassets in Resources */,
				C7648E0F1D321CBE00B815DF /* Main.storyboard in Resources */,
			);
			runOnlyForDeploymentPostprocessing = 0;
		};
		C7648E181D321CBE00B815DF /* Resources */ = {
			isa = PBXResourcesBuildPhase;
			buildActionMask = 2147483647;
			files = (
			);
			runOnlyForDeploymentPostprocessing = 0;
		};
		C7648E231D321CBE00B815DF /* Resources */ = {
			isa = PBXResourcesBuildPhase;
			buildActionMask = 2147483647;
			files = (
			);
			runOnlyForDeploymentPostprocessing = 0;
		};
/* End PBXResourcesBuildPhase section */

/* Begin PBXSourcesBuildPhase section */
		C7648E021D321CBD00B815DF /* Sources */ = {
			isa = PBXSourcesBuildPhase;
			buildActionMask = 2147483647;
			files = (
				C7648E0C1D321CBE00B815DF /* ViewController.swift in Sources */,
				C7648E0A1D321CBE00B815DF /* AppDelegate.swift in Sources */,
			);
			runOnlyForDeploymentPostprocessing = 0;
		};
		C7648E161D321CBE00B815DF /* Sources */ = {
			isa = PBXSourcesBuildPhase;
			buildActionMask = 2147483647;
			files = (
				C7648E1F1D321CBE00B815DF /* DatePickerTestTests.swift in Sources */,
			);
			runOnlyForDeploymentPostprocessing = 0;
		};
		C7648E211D321CBE00B815DF /* Sources */ = {
			isa = PBXSourcesBuildPhase;
			buildActionMask = 2147483647;
			files = (
				C7648E2A1D321CBE00B815DF /* DatePickerTestUITests.swift in Sources */,
			);
			runOnlyForDeploymentPostprocessing = 0;
		};
/* End PBXSourcesBuildPhase section */

/* Begin PBXTargetDependency section */
		C7648E1C1D321CBE00B815DF /* PBXTargetDependency */ = {
			isa = PBXTargetDependency;
			target = C7648E051D321CBD00B815DF /* DatePickerTest */;
			targetProxy = C7648E1B1D321CBE00B815DF /* PBXContainerItemProxy */;
		};
		C7648E271D321CBE00B815DF /* PBXTargetDependency */ = {
			isa = PBXTargetDependency;
			target = C7648E051D321CBD00B815DF /* DatePickerTest */;
			targetProxy = C7648E261D321CBE00B815DF /* PBXContainerItemProxy */;
		};
/* End PBXTargetDependency section */

/* Begin PBXVariantGroup section */
		C7648E0D1D321CBE00B815DF /* Main.storyboard */ = {
			isa = PBXVariantGroup;
			children = (
				C7648E0E1D321CBE00B815DF /* Base */,
			);
			name = Main.storyboard;
			sourceTree = "<group>";
		};
		C7648E121D321CBE00B815DF /* LaunchScreen.storyboard */ = {
			isa = PBXVariantGroup;
			children = (
				C7648E131D321CBE00B815DF /* Base */,
			);
			name = LaunchScreen.storyboard;
			sourceTree = "<group>";
		};
/* End PBXVariantGroup section */

/* Begin XCBuildConfiguration section */
		C7648E2C1D321CBE00B815DF /* Debug */ = {
			isa = XCBuildConfiguration;
			buildSettings = {
				ALWAYS_SEARCH_USER_PATHS = NO;
				CLANG_ANALYZER_NONNULL = YES;
				CLANG_CXX_LANGUAGE_STANDARD = "gnu++0x";
				CLANG_CXX_LIBRARY = "libc++";
				CLANG_ENABLE_MODULES = YES;
				CLANG_ENABLE_OBJC_ARC = YES;
				CLANG_WARN_BOOL_CONVERSION = YES;
				CLANG_WARN_CONSTANT_CONVERSION = YES;
				CLANG_WARN_DIRECT_OBJC_ISA_USAGE = YES_ERROR;
				CLANG_WARN_EMPTY_BODY = YES;
				CLANG_WARN_ENUM_CONVERSION = YES;
				CLANG_WARN_INT_CONVERSION = YES;
				CLANG_WARN_OBJC_ROOT_CLASS = YES_ERROR;
				CLANG_WARN_UNREACHABLE_CODE = YES;
				CLANG_WARN__DUPLICATE_METHOD_MATCH = YES;
				"CODE_SIGN_IDENTITY[sdk=iphoneos*]" = "iPhone Developer";
				COPY_PHASE_STRIP = NO;
				DEBUG_INFORMATION_FORMAT = dwarf;
				ENABLE_STRICT_OBJC_MSGSEND = YES;
				ENABLE_TESTABILITY = YES;
				GCC_C_LANGUAGE_STANDARD = gnu99;
				GCC_DYNAMIC_NO_PIC = NO;
				GCC_NO_COMMON_BLOCKS = YES;
				GCC_OPTIMIZATION_LEVEL = 0;
				GCC_PREPROCESSOR_DEFINITIONS = (
					"DEBUG=1",
					"$(inherited)",
				);
				GCC_WARN_64_TO_32_BIT_CONVERSION = YES;
				GCC_WARN_ABOUT_RETURN_TYPE = YES_ERROR;
				GCC_WARN_UNDECLARED_SELECTOR = YES;
				GCC_WARN_UNINITIALIZED_AUTOS = YES_AGGRESSIVE;
				GCC_WARN_UNUSED_FUNCTION = YES;
				GCC_WARN_UNUSED_VARIABLE = YES;
				IPHONEOS_DEPLOYMENT_TARGET = 9.3;
				MTL_ENABLE_DEBUG_INFO = YES;
				ONLY_ACTIVE_ARCH = YES;
				SDKROOT = iphoneos;
				SWIFT_OPTIMIZATION_LEVEL = "-Onone";
				TARGETED_DEVICE_FAMILY = "1,2";
			};
			name = Debug;
		};
		C7648E2D1D321CBE00B815DF /* Release */ = {
			isa = XCBuildConfiguration;
			buildSettings = {
				ALWAYS_SEARCH_USER_PATHS = NO;
				CLANG_ANALYZER_NONNULL = YES;
				CLANG_CXX_LANGUAGE_STANDARD = "gnu++0x";
				CLANG_CXX_LIBRARY = "libc++";
				CLANG_ENABLE_MODULES = YES;
				CLANG_ENABLE_OBJC_ARC = YES;
				CLANG_WARN_BOOL_CONVERSION = YES;
				CLANG_WARN_CONSTANT_CONVERSION = YES;
				CLANG_WARN_DIRECT_OBJC_ISA_USAGE = YES_ERROR;
				CLANG_WARN_EMPTY_BODY = YES;
				CLANG_WARN_ENUM_CONVERSION = YES;
				CLANG_WARN_INT_CONVERSION = YES;
				CLANG_WARN_OBJC_ROOT_CLASS = YES_ERROR;
				CLANG_WARN_UNREACHABLE_CODE = YES;
				CLANG_WARN__DUPLICATE_METHOD_MATCH = YES;
				"CODE_SIGN_IDENTITY[sdk=iphoneos*]" = "iPhone Developer";
				COPY_PHASE_STRIP = NO;
				DEBUG_INFORMATION_FORMAT = "dwarf-with-dsym";
				ENABLE_NS_ASSERTIONS = NO;
				ENABLE_STRICT_OBJC_MSGSEND = YES;
				GCC_C_LANGUAGE_STANDARD = gnu99;
				GCC_NO_COMMON_BLOCKS = YES;
				GCC_WARN_64_TO_32_BIT_CONVERSION = YES;
				GCC_WARN_ABOUT_RETURN_TYPE = YES_ERROR;
				GCC_WARN_UNDECLARED_SELECTOR = YES;
				GCC_WARN_UNINITIALIZED_AUTOS = YES_AGGRESSIVE;
				GCC_WARN_UNUSED_FUNCTION = YES;
				GCC_WARN_UNUSED_VARIABLE = YES;
				IPHONEOS_DEPLOYMENT_TARGET = 9.3;
				MTL_ENABLE_DEBUG_INFO = NO;
				SDKROOT = iphoneos;
				TARGETED_DEVICE_FAMILY = "1,2";
				VALIDATE_PRODUCT = YES;
			};
			name = Release;
		};
		C7648E2F1D321CBE00B815DF /* Debug */ = {
			isa = XCBuildConfiguration;
			buildSettings = {
				ASSETCATALOG_COMPILER_APPICON_NAME = AppIcon;
				INFOPLIST_FILE = DatePickerTest/Info.plist;
				LD_RUNPATH_SEARCH_PATHS = "$(inherited) @executable_path/Frameworks";
				PRODUCT_BUNDLE_IDENTIFIER = com.cazcawa.DatePickerTest;
				PRODUCT_NAME = "$(TARGET_NAME)";
			};
			name = Debug;
		};
		C7648E301D321CBE00B815DF /* Release */ = {
			isa = XCBuildConfiguration;
			buildSettings = {
				ASSETCATALOG_COMPILER_APPICON_NAME = AppIcon;
				INFOPLIST_FILE = DatePickerTest/Info.plist;
				LD_RUNPATH_SEARCH_PATHS = "$(inherited) @executable_path/Frameworks";
				PRODUCT_BUNDLE_IDENTIFIER = com.cazcawa.DatePickerTest;
				PRODUCT_NAME = "$(TARGET_NAME)";
			};
			name = Release;
		};
		C7648E321D321CBE00B815DF /* Debug */ = {
			isa = XCBuildConfiguration;
			buildSettings = {
				BUNDLE_LOADER = "$(TEST_HOST)";
				INFOPLIST_FILE = DatePickerTestTests/Info.plist;
				LD_RUNPATH_SEARCH_PATHS = "$(inherited) @executable_path/Frameworks @loader_path/Frameworks";
				PRODUCT_BUNDLE_IDENTIFIER = com.cazcawa.DatePickerTestTests;
				PRODUCT_NAME = "$(TARGET_NAME)";
				TEST_HOST = "$(BUILT_PRODUCTS_DIR)/DatePickerTest.app/DatePickerTest";
			};
			name = Debug;
		};
		C7648E331D321CBE00B815DF /* Release */ = {
			isa = XCBuildConfiguration;
			buildSettings = {
				BUNDLE_LOADER = "$(TEST_HOST)";
				INFOPLIST_FILE = DatePickerTestTests/Info.plist;
				LD_RUNPATH_SEARCH_PATHS = "$(inherited) @executable_path/Frameworks @loader_path/Frameworks";
				PRODUCT_BUNDLE_IDENTIFIER = com.cazcawa.DatePickerTestTests;
				PRODUCT_NAME = "$(TARGET_NAME)";
				TEST_HOST = "$(BUILT_PRODUCTS_DIR)/DatePickerTest.app/DatePickerTest";
			};
			name = Release;
		};
		C7648E351D321CBE00B815DF /* Debug */ = {
			isa = XCBuildConfiguration;
			buildSettings = {
				INFOPLIST_FILE = DatePickerTestUITests/Info.plist;
				LD_RUNPATH_SEARCH_PATHS = "$(inherited) @executable_path/Frameworks @loader_path/Frameworks";
				PRODUCT_BUNDLE_IDENTIFIER = com.cazcawa.DatePickerTestUITests;
				PRODUCT_NAME = "$(TARGET_NAME)";
				TEST_TARGET_NAME = DatePickerTest;
			};
			name = Debug;
		};
		C7648E361D321CBE00B815DF /* Release */ = {
			isa = XCBuildConfiguration;
			buildSettings = {
				INFOPLIST_FILE = DatePickerTestUITests/Info.plist;
				LD_RUNPATH_SEARCH_PATHS = "$(inherited) @executable_path/Frameworks @loader_path/Frameworks";
				PRODUCT_BUNDLE_IDENTIFIER = com.cazcawa.DatePickerTestUITests;
				PRODUCT_NAME = "$(TARGET_NAME)";
				TEST_TARGET_NAME = DatePickerTest;
			};
			name = Release;
		};
/* End XCBuildConfiguration section */

/* Begin XCConfigurationList section */
		C7648E011D321CBD00B815DF /* Build configuration list for PBXProject "DatePickerTest" */ = {
			isa = XCConfigurationList;
			buildConfigurations = (
				C7648E2C1D321CBE00B815DF /* Debug */,
				C7648E2D1D321CBE00B815DF /* Release */,
			);
			defaultConfigurationIsVisible = 0;
			defaultConfigurationName = Release;
		};
		C7648E2E1D321CBE00B815DF /* Build configuration list for PBXNativeTarget "DatePickerTest" */ = {
			isa = XCConfigurationList;
			buildConfigurations = (
				C7648E2F1D321CBE00B815DF /* Debug */,
				C7648E301D321CBE00B815DF /* Release */,
			);
			defaultConfigurationIsVisible = 0;
		};
		C7648E311D321CBE00B815DF /* Build configuration list for PBXNativeTarget "DatePickerTestTests" */ = {
			isa = XCConfigurationList;
			buildConfigurations = (
				C7648E321D321CBE00B815DF /* Debug */,
				C7648E331D321CBE00B815DF /* Release */,
			);
			defaultConfigurationIsVisible = 0;
		};
		C7648E341D321CBE00B815DF /* Build configuration list for PBXNativeTarget "DatePickerTestUITests" */ = {
			isa = XCConfigurationList;
			buildConfigurations = (
				C7648E351D321CBE00B815DF /* Debug */,
				C7648E361D321CBE00B815DF /* Release */,
			);
			defaultConfigurationIsVisible = 0;
		};
/* End XCConfigurationList section */
	};
	rootObject = C7648DFE1D321CBD00B815DF /* Project object */;
}
